
Microsoft Visual Studio Solution File, Format Version 12.00
# Visual Studio Version 17
VisualStudioVersion = 17.4.33205.214
MinimumVisualStudioVersion = 10.0.40219.1
Project("{FAE04EC0-301F-11D3-BF4B-00C04F79EFBC}") = "Switch ja Case", "Switch ja Case\Switch ja Case.csproj", "{87BC7B1B-D2FC-40C0-9A68-FAD3D9EEA094}"
EndProject
Global
	GlobalSection(SolutionConfigurationPlatforms) = preSolution
		Debug|Any CPU = Debug|Any CPU
		Release|Any CPU = Release|Any CPU
	EndGlobalSection
	GlobalSection(ProjectConfigurationPlatforms) = postSolution
		{87BC7B1B-D2FC-40C0-9A68-FAD3D9EEA094}.Debug|Any CPU.ActiveCfg = Debug|Any CPU
		{87BC7B1B-D2FC-40C0-9A68-FAD3D9EEA094}.Debug|Any CPU.Build.0 = Debug|Any CPU
		{87BC7B1B-D2FC-40C0-9A68-FAD3D9EEA094}.Release|Any CPU.ActiveCfg = Release|Any CPU
		{87BC7B1B-D2FC-40C0-9A68-FAD3D9EEA094}.Release|Any CPU.Build.0 = Release|Any CPU
	EndGlobalSection
	GlobalSection(SolutionProperties) = preSolution
		HideSolutionNode = FALSE
	EndGlobalSection
	GlobalSection(ExtensibilityGlobals) = postSolution
		SolutionGuid = {D75F2D3E-AA67-4B31-9508-1675F1C76FF4}
	EndGlobalSection
EndGlobal
